{
  "name": "internal-portal",
  "version": "0.1.0",
  "lockfileVersion": 1,
  "requires": true,
  "dependencies": {
    "date-fns": {
      "version": "2.6.0"
    },
    "eslint-plugin-flowtype": {
      "version": "4.3.0",
      "dev": true,
      "requires": {
        "lodash": "^4.17.15"
      }
    },
    "graphql": {
      "version": "14.5.8",
      "resolved": "https://registry.npmjs.org/graphql/-/graphql-14.5.8.tgz",
      "integrity": "sha512-MMwmi0zlVLQKLdGiMfWkgQD7dY/TUKt4L+zgJ/aR0Howebod3aNgP5JkgvAULiR2HPVZaP2VEElqtdidHweLkg==",
      "requires": {
        "iterall": "^1.2.2"
      }
    },
    "iterall": {
      "version": "1.2.2",
      "resolved": "https://registry.npmjs.org/iterall/-/iterall-1.2.2.tgz",
      "integrity": "sha512-yynBb1g+RFUPY64fTrFv7nsjRrENBQJaX2UL+2Szc9REFrSNm1rpSXHGzhmAy7a9uv3vlvgBlXnf9RqmPH1/DA=="
    },
    "lodash": {
      "version": "4.17.15",
      "resolved": "https://registry.npmjs.org/lodash/-/lodash-4.17.15.tgz",
      "integrity": "sha512-8xOcRHvCjnocdS5cpwXQXVzmmh5e5+saE2QGoeQmbKmRS6J3VQppPOIt0MnmE+4xlZoumy0GPG0D0MVIQbNA1A==",
      "dev": true
    }
  }
}
